// !$*UTF8*$!
{
	archiveVersion = 1;
	classes = {
	};
	objectVersion = 55;
	objects = {

/* Begin PBXBuildFile section */
		46755C592899506200B59FD8 /* InMemoryTodoDatabase.m in Sources */ = {isa = PBXBuildFile; fileRef = 46755C582899506200B59FD8 /* InMemoryTodoDatabase.m */; };
		4687DF66289846FC00B1D980 /* AppDelegate.m in Sources */ = {isa = PBXBuildFile; fileRef = 4687DF65289846FC00B1D980 /* AppDelegate.m */; };
		4687DF69289846FC00B1D980 /* SceneDelegate.m in Sources */ = {isa = PBXBuildFile; fileRef = 4687DF68289846FC00B1D980 /* SceneDelegate.m */; };
		4687DF6F289846FC00B1D980 /* Main.storyboard in Resources */ = {isa = PBXBuildFile; fileRef = 4687DF6D289846FC00B1D980 /* Main.storyboard */; };
		4687DF71289846FE00B1D980 /* Assets.xcassets in Resources */ = {isa = PBXBuildFile; fileRef = 4687DF70289846FE00B1D980 /* Assets.xcassets */; };
		4687DF74289846FE00B1D980 /* LaunchScreen.storyboard in Resources */ = {isa = PBXBuildFile; fileRef = 4687DF72289846FE00B1D980 /* LaunchScreen.storyboard */; };
		4687DF77289846FE00B1D980 /* main.m in Sources */ = {isa = PBXBuildFile; fileRef = 4687DF76289846FE00B1D980 /* main.m */; };
		4687DF8F2899013A00B1D980 /* TodoListViewController.m in Sources */ = {isa = PBXBuildFile; fileRef = 4687DF8E2899013A00B1D980 /* TodoListViewController.m */; };
		4687DF922899018400B1D980 /* TodoCell.m in Sources */ = {isa = PBXBuildFile; fileRef = 4687DF912899018400B1D980 /* TodoCell.m */; };
		4687DF9C2899115F00B1D980 /* Todo.m in Sources */ = {isa = PBXBuildFile; fileRef = 4687DF9B2899115F00B1D980 /* Todo.m */; };
/* End PBXBuildFile section */

/* Begin PBXFileReference section */
		46755C562899505300B59FD8 /* TodoDatabase.h */ = {isa = PBXFileReference; lastKnownFileType = sourcecode.c.h; path = TodoDatabase.h; sourceTree = "<group>"; };
		46755C572899506200B59FD8 /* InMemoryTodoDatabase.h */ = {isa = PBXFileReference; lastKnownFileType = sourcecode.c.h; path = InMemoryTodoDatabase.h; sourceTree = "<group>"; };
		46755C582899506200B59FD8 /* InMemoryTodoDatabase.m */ = {isa = PBXFileReference; lastKnownFileType = sourcecode.c.objc; path = InMemoryTodoDatabase.m; sourceTree = "<group>"; };
		4687DF61289846FC00B1D980 /* TodObjc.app */ = {isa = PBXFileReference; explicitFileType = wrapper.application; includeInIndex = 0; path = TodObjc.app; sourceTree = BUILT_PRODUCTS_DIR; };
		4687DF64289846FC00B1D980 /* AppDelegate.h */ = {isa = PBXFileReference; lastKnownFileType = sourcecode.c.h; path = AppDelegate.h; sourceTree = "<group>"; };
		4687DF65289846FC00B1D980 /* AppDelegate.m */ = {isa = PBXFileReference; lastKnownFileType = sourcecode.c.objc; path = AppDelegate.m; sourceTree = "<group>"; };
		4687DF67289846FC00B1D980 /* SceneDelegate.h */ = {isa = PBXFileReference; lastKnownFileType = sourcecode.c.h; path = SceneDelegate.h; sourceTree = "<group>"; };
		4687DF68289846FC00B1D980 /* SceneDelegate.m */ = {isa = PBXFileReference; lastKnownFileType = sourcecode.c.objc; path = SceneDelegate.m; sourceTree = "<group>"; };
		4687DF6E289846FC00B1D980 /* Base */ = {isa = PBXFileReference; lastKnownFileType = file.storyboard; name = Base; path = Base.lproj/Main.storyboard; sourceTree = "<group>"; };
		4687DF70289846FE00B1D980 /* Assets.xcassets */ = {isa = PBXFileReference; lastKnownFileType = folder.assetcatalog; path = Assets.xcassets; sourceTree = "<group>"; };
		4687DF73289846FE00B1D980 /* Base */ = {isa = PBXFileReference; lastKnownFileType = file.storyboard; name = Base; path = Base.lproj/LaunchScreen.storyboard; sourceTree = "<group>"; };
		4687DF75289846FE00B1D980 /* Info.plist */ = {isa = PBXFileReference; lastKnownFileType = text.plist.xml; path = Info.plist; sourceTree = "<group>"; };
		4687DF76289846FE00B1D980 /* main.m */ = {isa = PBXFileReference; lastKnownFileType = sourcecode.c.objc; path = main.m; sourceTree = "<group>"; };
		4687DF8E2899013A00B1D980 /* TodoListViewController.m */ = {isa = PBXFileReference; lastKnownFileType = sourcecode.c.objc; path = TodoListViewController.m; sourceTree = "<group>"; };
		4687DF912899018400B1D980 /* TodoCell.m */ = {isa = PBXFileReference; lastKnownFileType = sourcecode.c.objc; path = TodoCell.m; sourceTree = "<group>"; };
		4687DF932899051000B1D980 /* TodoCell.h */ = {isa = PBXFileReference; lastKnownFileType = sourcecode.c.h; path = TodoCell.h; sourceTree = "<group>"; };
		4687DF9A2899115F00B1D980 /* Todo.h */ = {isa = PBXFileReference; lastKnownFileType = sourcecode.c.h; path = Todo.h; sourceTree = "<group>"; };
		4687DF9B2899115F00B1D980 /* Todo.m */ = {isa = PBXFileReference; lastKnownFileType = sourcecode.c.objc; path = Todo.m; sourceTree = "<group>"; };
/* End PBXFileReference section */

/* Begin PBXFrameworksBuildPhase section */
		4687DF5E289846FC00B1D980 /* Frameworks */ = {
			isa = PBXFrameworksBuildPhase;
			buildActionMask = 2147483647;
			files = (
			);
			runOnlyForDeploymentPostprocessing = 0;
		};
/* End PBXFrameworksBuildPhase section */

/* Begin PBXGroup section */
		4687DF58289846FC00B1D980 = {
			isa = PBXGroup;
			children = (
				4687DF63289846FC00B1D980 /* TodObjc */,
				4687DF62289846FC00B1D980 /* Products */,
			);
			sourceTree = "<group>";
		};
		4687DF62289846FC00B1D980 /* Products */ = {
			isa = PBXGroup;
			children = (
				4687DF61289846FC00B1D980 /* TodObjc.app */,
			);
			name = Products;
			sourceTree = "<group>";
		};
		4687DF63289846FC00B1D980 /* TodObjc */ = {
			isa = PBXGroup;
			children = (
				4687DF9D28994BDC00B1D980 /* Service */,
				4687DF9528990E9C00B1D980 /* Entity */,
				4687DF7F2898497E00B1D980 /* Scene */,
				4687DF7E2898492B00B1D980 /* Resources */,
				4687DF7D2898490400B1D980 /* App */,
				4687DF75289846FE00B1D980 /* Info.plist */,
			);
			path = TodObjc;
			sourceTree = "<group>";
		};
		4687DF7D2898490400B1D980 /* App */ = {
			isa = PBXGroup;
			children = (
				4687DF76289846FE00B1D980 /* main.m */,
				4687DF64289846FC00B1D980 /* AppDelegate.h */,
				4687DF65289846FC00B1D980 /* AppDelegate.m */,
				4687DF67289846FC00B1D980 /* SceneDelegate.h */,
				4687DF68289846FC00B1D980 /* SceneDelegate.m */,
			);
			path = App;
			sourceTree = "<group>";
		};
		4687DF7E2898492B00B1D980 /* Resources */ = {
			isa = PBXGroup;
			children = (
				4687DF72289846FE00B1D980 /* LaunchScreen.storyboard */,
				4687DF70289846FE00B1D980 /* Assets.xcassets */,
			);
			path = Resources;
			sourceTree = "<group>";
		};
		4687DF7F2898497E00B1D980 /* Scene */ = {
			isa = PBXGroup;
			children = (
				4687DF822898FEC700B1D980 /* TodoLIst */,
				4687DF6D289846FC00B1D980 /* Main.storyboard */,
			);
			path = Scene;
			sourceTree = "<group>";
		};
		4687DF822898FEC700B1D980 /* TodoLIst */ = {
			isa = PBXGroup;
			children = (
				4687DF84289900DB00B1D980 /* Cell */,
				4687DF8E2899013A00B1D980 /* TodoListViewController.m */,
			);
			path = TodoLIst;
			sourceTree = "<group>";
		};
		4687DF84289900DB00B1D980 /* Cell */ = {
			isa = PBXGroup;
			children = (
				4687DF932899051000B1D980 /* TodoCell.h */,
				4687DF912899018400B1D980 /* TodoCell.m */,
			);
			path = Cell;
			sourceTree = "<group>";
		};
		4687DF9528990E9C00B1D980 /* Entity */ = {
			isa = PBXGroup;
			children = (
				4687DF9A2899115F00B1D980 /* Todo.h */,
				4687DF9B2899115F00B1D980 /* Todo.m */,
			);
			path = Entity;
			sourceTree = "<group>";
		};
		4687DF9D28994BDC00B1D980 /* Service */ = {
			isa = PBXGroup;
			children = (
				46755C562899505300B59FD8 /* TodoDatabase.h */,
				46755C572899506200B59FD8 /* InMemoryTodoDatabase.h */,
				46755C582899506200B59FD8 /* InMemoryTodoDatabase.m */,
			);
			path = Service;
			sourceTree = "<group>";
		};
/* End PBXGroup section */

/* Begin PBXNativeTarget section */
		4687DF60289846FC00B1D980 /* TodObjc */ = {
			isa = PBXNativeTarget;
			buildConfigurationList = 4687DF7A289846FE00B1D980 /* Build configuration list for PBXNativeTarget "TodObjc" */;
			buildPhases = (
				4687DF5D289846FC00B1D980 /* Sources */,
				4687DF5E289846FC00B1D980 /* Frameworks */,
				4687DF5F289846FC00B1D980 /* Resources */,
			);
			buildRules = (
			);
			dependencies = (
			);
			name = TodObjc;
			productName = TodObjc;
			productReference = 4687DF61289846FC00B1D980 /* TodObjc.app */;
			productType = "com.apple.product-type.application";
		};
/* End PBXNativeTarget section */

/* Begin PBXProject section */
		4687DF59289846FC00B1D980 /* Project object */ = {
			isa = PBXProject;
			attributes = {
				BuildIndependentTargetsInParallel = 1;
				LastUpgradeCheck = 1340;
				TargetAttributes = {
					4687DF60289846FC00B1D980 = {
						CreatedOnToolsVersion = 13.4;
						LastSwiftMigration = 1340;
					};
				};
			};
			buildConfigurationList = 4687DF5C289846FC00B1D980 /* Build configuration list for PBXProject "TodObjc" */;
			compatibilityVersion = "Xcode 13.0";
			developmentRegion = en;
			hasScannedForEncodings = 0;
			knownRegions = (
				en,
				Base,
			);
			mainGroup = 4687DF58289846FC00B1D980;
			productRefGroup = 4687DF62289846FC00B1D980 /* Products */;
			projectDirPath = "";
			projectRoot = "";
			targets = (
				4687DF60289846FC00B1D980 /* TodObjc */,
			);
		};
/* End PBXProject section */

/* Begin PBXResourcesBuildPhase section */
		4687DF5F289846FC00B1D980 /* Resources */ = {
			isa = PBXResourcesBuildPhase;
			buildActionMask = 2147483647;
			files = (
				4687DF74289846FE00B1D980 /* LaunchScreen.storyboard in Resources */,
				4687DF71289846FE00B1D980 /* Assets.xcassets in Resources */,
				4687DF6F289846FC00B1D980 /* Main.storyboard in Resources */,
			);
			runOnlyForDeploymentPostprocessing = 0;
		};
/* End PBXResourcesBuildPhase section */

/* Begin PBXSourcesBuildPhase section */
		4687DF5D289846FC00B1D980 /* Sources */ = {
			isa = PBXSourcesBuildPhase;
			buildActionMask = 2147483647;
			files = (
				4687DF8F2899013A00B1D980 /* TodoListViewController.m in Sources */,
				4687DF9C2899115F00B1D980 /* Todo.m in Sources */,
				4687DF66289846FC00B1D980 /* AppDelegate.m in Sources */,
				4687DF77289846FE00B1D980 /* main.m in Sources */,
				4687DF69289846FC00B1D980 /* SceneDelegate.m in Sources */,
				4687DF922899018400B1D980 /* TodoCell.m in Sources */,
				46755C592899506200B59FD8 /* InMemoryTodoDatabase.m in Sources */,
			);
			runOnlyForDeploymentPostprocessing = 0;
		};
/* End PBXSourcesBuildPhase section */

/* Begin PBXVariantGroup section */
		4687DF6D289846FC00B1D980 /* Main.storyboard */ = {
			isa = PBXVariantGroup;
			children = (
				4687DF6E289846FC00B1D980 /* Base */,
			);
			name = Main.storyboard;
			sourceTree = "<group>";
		};
		4687DF72289846FE00B1D980 /* LaunchScreen.storyboard */ = {
			isa = PBXVariantGroup;
			children = (
				4687DF73289846FE00B1D980 /* Base */,
			);
			name = LaunchScreen.storyboard;
			sourceTree = "<group>";
		};
/* End PBXVariantGroup section */

/* Begin XCBuildConfiguration section */
		4687DF78289846FE00B1D980 /* Debug */ = {
			isa = XCBuildConfiguration;
			buildSettings = {
				ALWAYS_SEARCH_USER_PATHS = NO;
				CLANG_ANALYZER_NONNULL = YES;
				CLANG_ANALYZER_NUMBER_OBJECT_CONVERSION = YES_AGGRESSIVE;
				CLANG_CXX_LANGUAGE_STANDARD = "gnu++17";
				CLANG_ENABLE_MODULES = YES;
				CLANG_ENABLE_OBJC_ARC = YES;
				CLANG_ENABLE_OBJC_WEAK = YES;
				CLANG_WARN_BLOCK_CAPTURE_AUTORELEASING = YES;
				CLANG_WARN_BOOL_CONVERSION = YES;
				CLANG_WARN_COMMA = YES;
				CLANG_WARN_CONSTANT_CONVERSION = YES;
				CLANG_WARN_DEPRECATED_OBJC_IMPLEMENTATIONS = YES;
				CLANG_WARN_DIRECT_OBJC_ISA_USAGE = YES_ERROR;
				CLANG_WARN_DOCUMENTATION_COMMENTS = YES;
				CLANG_WARN_EMPTY_BODY = YES;
				CLANG_WARN_ENUM_CONVERSION = YES;
				CLANG_WARN_INFINITE_RECURSION = YES;
				CLANG_WARN_INT_CONVERSION = YES;
				CLANG_WARN_NON_LITERAL_NULL_CONVERSION = YES;
				CLANG_WARN_OBJC_IMPLICIT_RETAIN_SELF = YES;
				CLANG_WARN_OBJC_LITERAL_CONVERSION = YES;
				CLANG_WARN_OBJC_ROOT_CLASS = YES_ERROR;
				CLANG_WARN_QUOTED_INCLUDE_IN_FRAMEWORK_HEADER = YES;
				CLANG_WARN_RANGE_LOOP_ANALYSIS = YES;
				CLANG_WARN_STRICT_PROTOTYPES = YES;
				CLANG_WARN_SUSPICIOUS_MOVE = YES;
				CLANG_WARN_UNGUARDED_AVAILABILITY = YES_AGGRESSIVE;
				CLANG_WARN_UNREACHABLE_CODE = YES;
				CLANG_WARN__DUPLICATE_METHOD_MATCH = YES;
				COPY_PHASE_STRIP = NO;
				DEBUG_INFORMATION_FORMAT = dwarf;
				ENABLE_STRICT_OBJC_MSGSEND = YES;
				ENABLE_TESTABILITY = YES;
				GCC_C_LANGUAGE_STANDARD = gnu11;
				GCC_DYNAMIC_NO_PIC = NO;
				GCC_NO_COMMON_BLOCKS = YES;
				GCC_OPTIMIZATION_LEVEL = 0;
				GCC_PREPROCESSOR_DEFINITIONS = (
					"DEBUG=1",
					"$(inherited)",
				);
				GCC_WARN_64_TO_32_BIT_CONVERSION = YES;
				GCC_WARN_ABOUT_RETURN_TYPE = YES_ERROR;
				GCC_WARN_UNDECLARED_SELECTOR = YES;
				GCC_WARN_UNINITIALIZED_AUTOS = YES_AGGRESSIVE;
				GCC_WARN_UNUSED_FUNCTION = YES;
				GCC_WARN_UNUSED_VARIABLE = YES;
				IPHONEOS_DEPLOYMENT_TARGET = 15.5;
				MTL_ENABLE_DEBUG_INFO = INCLUDE_SOURCE;
				MTL_FAST_MATH = YES;
				ONLY_ACTIVE_ARCH = YES;
				SDKROOT = iphoneos;
			};
			name = Debug;
		};
		4687DF79289846FE00B1D980 /* Release */ = {
			isa = XCBuildConfiguration;
			buildSettings = {
				ALWAYS_SEARCH_USER_PATHS = NO;
				CLANG_ANALYZER_NONNULL = YES;
				CLANG_ANALYZER_NUMBER_OBJECT_CONVERSION = YES_AGGRESSIVE;
				CLANG_CXX_LANGUAGE_STANDARD = "gnu++17";
				CLANG_ENABLE_MODULES = YES;
				CLANG_ENABLE_OBJC_ARC = YES;
				CLANG_ENABLE_OBJC_WEAK = YES;
				CLANG_WARN_BLOCK_CAPTURE_AUTORELEASING = YES;
				CLANG_WARN_BOOL_CONVERSION = YES;
				CLANG_WARN_COMMA = YES;
				CLANG_WARN_CONSTANT_CONVERSION = YES;
				CLANG_WARN_DEPRECATED_OBJC_IMPLEMENTATIONS = YES;
				CLANG_WARN_DIRECT_OBJC_ISA_USAGE = YES_ERROR;
				CLANG_WARN_DOCUMENTATION_COMMENTS = YES;
				CLANG_WARN_EMPTY_BODY = YES;
				CLANG_WARN_ENUM_CONVERSION = YES;
				CLANG_WARN_INFINITE_RECURSION = YES;
				CLANG_WARN_INT_CONVERSION = YES;
				CLANG_WARN_NON_LITERAL_NULL_CONVERSION = YES;
				CLANG_WARN_OBJC_IMPLICIT_RETAIN_SELF = YES;
				CLANG_WARN_OBJC_LITERAL_CONVERSION = YES;
				CLANG_WARN_OBJC_ROOT_CLASS = YES_ERROR;
				CLANG_WARN_QUOTED_INCLUDE_IN_FRAMEWORK_HEADER = YES;
				CLANG_WARN_RANGE_LOOP_ANALYSIS = YES;
				CLANG_WARN_STRICT_PROTOTYPES = YES;
				CLANG_WARN_SUSPICIOUS_MOVE = YES;
				CLANG_WARN_UNGUARDED_AVAILABILITY = YES_AGGRESSIVE;
				CLANG_WARN_UNREACHABLE_CODE = YES;
				CLANG_WARN__DUPLICATE_METHOD_MATCH = YES;
				COPY_PHASE_STRIP = NO;
				DEBUG_INFORMATION_FORMAT = "dwarf-with-dsym";
				ENABLE_NS_ASSERTIONS = NO;
				ENABLE_STRICT_OBJC_MSGSEND = YES;
				GCC_C_LANGUAGE_STANDARD = gnu11;
				GCC_NO_COMMON_BLOCKS = YES;
				GCC_WARN_64_TO_32_BIT_CONVERSION = YES;
				GCC_WARN_ABOUT_RETURN_TYPE = YES_ERROR;
				GCC_WARN_UNDECLARED_SELECTOR = YES;
				GCC_WARN_UNINITIALIZED_AUTOS = YES_AGGRESSIVE;
				GCC_WARN_UNUSED_FUNCTION = YES;
				GCC_WARN_UNUSED_VARIABLE = YES;
				IPHONEOS_DEPLOYMENT_TARGET = 15.5;
				MTL_ENABLE_DEBUG_INFO = NO;
				MTL_FAST_MATH = YES;
				SDKROOT = iphoneos;
				VALIDATE_PRODUCT = YES;
			};
			name = Release;
		};
		4687DF7B289846FE00B1D980 /* Debug */ = {
			isa = XCBuildConfiguration;
			buildSettings = {
				ASSETCATALOG_COMPILER_APPICON_NAME = AppIcon;
				ASSETCATALOG_COMPILER_GLOBAL_ACCENT_COLOR_NAME = AccentColor;
				CLANG_ENABLE_MODULES = YES;
				CODE_SIGN_STYLE = Automatic;
				CURRENT_PROJECT_VERSION = 1;
				GENERATE_INFOPLIST_FILE = YES;
				INFOPLIST_FILE = TodObjc/Info.plist;
				INFOPLIST_KEY_UIApplicationSupportsIndirectInputEvents = YES;
				INFOPLIST_KEY_UILaunchStoryboardName = LaunchScreen;
				INFOPLIST_KEY_UIMainStoryboardFile = Main;
				INFOPLIST_KEY_UISupportedInterfaceOrientations_iPad = "UIInterfaceOrientationPortrait UIInterfaceOrientationPortraitUpsideDown UIInterfaceOrientationLandscapeLeft UIInterfaceOrientationLandscapeRight";
				INFOPLIST_KEY_UISupportedInterfaceOrientations_iPhone = "UIInterfaceOrientationPortrait UIInterfaceOrientationLandscapeLeft UIInterfaceOrientationLandscapeRight";
				LD_RUNPATH_SEARCH_PATHS = (
					"$(inherited)",
					"@executable_path/Frameworks",
				);
				MARKETING_VERSION = 1.0;
				PRODUCT_BUNDLE_IDENTIFIER = baegteun.TodObjc;
				PRODUCT_NAME = "$(TARGET_NAME)";
				SWIFT_EMIT_LOC_STRINGS = YES;
				SWIFT_OBJC_BRIDGING_HEADER = "TodObjc/Scene/TodoLIst/Cell/TodObjc-Bridging-Header.h";
				SWIFT_OPTIMIZATION_LEVEL = "-Onone";
				SWIFT_VERSION = 5.0;
				TARGETED_DEVICE_FAMILY = "1,2";
			};
			name = Debug;
		};
		4687DF7C289846FE00B1D980 /* Release */ = {
			isa = XCBuildConfiguration;
			buildSettings = {
				ASSETCATALOG_COMPILER_APPICON_NAME = AppIcon;
				ASSETCATALOG_COMPILER_GLOBAL_ACCENT_COLOR_NAME = AccentColor;
				CLANG_ENABLE_MODULES = YES;
				CODE_SIGN_STYLE = Automatic;
				CURRENT_PROJECT_VERSION = 1;
				GENERATE_INFOPLIST_FILE = YES;
				INFOPLIST_FILE = TodObjc/Info.plist;
				INFOPLIST_KEY_UIApplicationSupportsIndirectInputEvents = YES;
				INFOPLIST_KEY_UILaunchStoryboardName = LaunchScreen;
				INFOPLIST_KEY_UIMainStoryboardFile = Main;
				INFOPLIST_KEY_UISupportedInterfaceOrientations_iPad = "UIInterfaceOrientationPortrait UIInterfaceOrientationPortraitUpsideDown UIInterfaceOrientationLandscapeLeft UIInterfaceOrientationLandscapeRight";
				INFOPLIST_KEY_UISupportedInterfaceOrientations_iPhone = "UIInterfaceOrientationPortrait UIInterfaceOrientationLandscapeLeft UIInterfaceOrientationLandscapeRight";
				LD_RUNPATH_SEARCH_PATHS = (
					"$(inherited)",
					"@executable_path/Frameworks",
				);
				MARKETING_VERSION = 1.0;
				PRODUCT_BUNDLE_IDENTIFIER = baegteun.TodObjc;
				PRODUCT_NAME = "$(TARGET_NAME)";
				SWIFT_EMIT_LOC_STRINGS = YES;
				SWIFT_OBJC_BRIDGING_HEADER = "TodObjc/Scene/TodoLIst/Cell/TodObjc-Bridging-Header.h";
				SWIFT_VERSION = 5.0;
				TARGETED_DEVICE_FAMILY = "1,2";
			};
			name = Release;
		};
/* End XCBuildConfiguration section */

/* Begin XCConfigurationList section */
		4687DF5C289846FC00B1D980 /* Build configuration list for PBXProject "TodObjc" */ = {
			isa = XCConfigurationList;
			buildConfigurations = (
				4687DF78289846FE00B1D980 /* Debug */,
				4687DF79289846FE00B1D980 /* Release */,
			);
			defaultConfigurationIsVisible = 0;
			defaultConfigurationName = Release;
		};
		4687DF7A289846FE00B1D980 /* Build configuration list for PBXNativeTarget "TodObjc" */ = {
			isa = XCConfigurationList;
			buildConfigurations = (
				4687DF7B289846FE00B1D980 /* Debug */,
				4687DF7C289846FE00B1D980 /* Release */,
			);
			defaultConfigurationIsVisible = 0;
			defaultConfigurationName = Release;
		};
/* End XCConfigurationList section */
	};
	rootObject = 4687DF59289846FC00B1D980 /* Project object */;
}
